PODS:
  - Firebase (4.11.0):
    - Firebase/Core (= 4.11.0)
  - Firebase/Core (4.11.0):
    - FirebaseAnalytics (= 4.1.0)
    - FirebaseCore (= 4.0.18)
  - FirebaseAnalytics (4.1.0):
    - FirebaseCore (~> 4.0)
    - FirebaseInstanceID (~> 2.0)
    - "GoogleToolboxForMac/NSData+zlib (~> 2.1)"
    - nanopb (~> 0.3)
  - FirebaseAuth (4.5.0):
    - FirebaseAnalytics (~> 4.0)
    - FirebaseCore (~> 4.0)
    - "GoogleToolboxForMac/NSDictionary+URLArguments (~> 2.1)"
    - GTMSessionFetcher/Core (~> 1.1)
  - FirebaseCore (4.0.18):
    - "GoogleToolboxForMac/NSData+zlib (~> 2.1)"
  - FirebaseInstanceID (2.0.10):
    - FirebaseCore (~> 4.0)
  - GoogleToolboxForMac/DebugUtils (2.1.4):
    - GoogleToolboxForMac/Defines (= 2.1.4)
  - GoogleToolboxForMac/Defines (2.1.4)
  - "GoogleToolboxForMac/NSData+zlib (2.1.4)":
    - GoogleToolboxForMac/Defines (= 2.1.4)
  - "GoogleToolboxForMac/NSDictionary+URLArguments (2.1.4)":
    - GoogleToolboxForMac/DebugUtils (= 2.1.4)
    - GoogleToolboxForMac/Defines (= 2.1.4)
    - "GoogleToolboxForMac/NSString+URLArguments (= 2.1.4)"
  - "GoogleToolboxForMac/NSString+URLArguments (2.1.4)"
  - GTMSessionFetcher/Core (1.1.15)
  - nanopb (0.3.8):
    - nanopb/decode (= 0.3.8)
    - nanopb/encode (= 0.3.8)
  - nanopb/decode (0.3.8)
  - nanopb/encode (0.3.8)

DEPENDENCIES:
  - Firebase
  - FirebaseAuth (from `https://github.com/firebase/firebase-ios-sdk.git`, tag `4.11.0`)
  - FirebaseCore (from `https://github.com/firebase/firebase-ios-sdk.git`, tag `4.11.0`)

SPEC REPOS:
  https://github.com/CocoaPods/Specs.git:
    - Firebase
    - FirebaseAnalytics
    - FirebaseInstanceID
    - GoogleToolboxForMac
    - GTMSessionFetcher
    - nanopb

EXTERNAL SOURCES:
  FirebaseAuth:
    :git: https://github.com/firebase/firebase-ios-sdk.git
    :tag: 4.11.0
  FirebaseCore:
    :git: https://github.com/firebase/firebase-ios-sdk.git
    :tag: 4.11.0

CHECKOUT OPTIONS:
  FirebaseAuth:
    :git: https://github.com/firebase/firebase-ios-sdk.git
    :tag: 4.11.0
  FirebaseCore:
    :git: https://github.com/firebase/firebase-ios-sdk.git
    :tag: 4.11.0

SPEC CHECKSUMS:
  Firebase: cc13dfab1038c8b45d7903e01fc690451d6d0b24
  FirebaseAnalytics: 3dfae28d4a5e06f86c4fae830efc2ad3fadb19bc
  FirebaseAuth: dc3992426693a235b44a122071851eaa3dbc1ae0
  FirebaseCore: 8f0e7e506a0aa8d3453ab95afd10bc6a7290cc39
  FirebaseInstanceID: 8d20d890d65c917f9f7d9950b6e10a760ad34321
  GoogleToolboxForMac: 91c824d21e85b31c2aae9bb011c5027c9b4e738f
  GTMSessionFetcher: 5fa5b80fd20e439ef5f545fb2cb3ca6c6714caa2
  nanopb: 5601e6bca2dbf1ed831b519092ec110f66982ca3

PODFILE CHECKSUM: 90a3842c027f9f6be74ee2bb53ea78429ee413f5

COCOAPODS: 1.5.0
